# THIS IS AN AUTOGENERATED FILE. DO NOT EDIT THIS FILE DIRECTLY.
# yarn lockfile v1


"@types/css-modules@^1.0.2":
  version "1.0.2"
  resolved "https://registry.yarnpkg.com/@types/css-modules/-/css-modules-1.0.2.tgz#8884135f9be3e204b42ef7ad7fce2474e8d74cb6"
  integrity sha512-tyqlt2GtEBdsxJylh78zSxI/kOJK5Iz8Ta4Fxr8KLTP8mD/IgMa84D8EKPS/AWCp+MDoctgJyikrVWY28GKmcg==

"@types/material-ui@^0.21.8":
  version "0.21.8"
  resolved "https://registry.yarnpkg.com/@types/material-ui/-/material-ui-0.21.8.tgz#a550778942b2e9791653aa2c4b1a35127c44cab6"
  integrity sha512-Rsx3tRNoYkidDKfMfh+cegtOHMl73akzKnQ5pzxTrbx5oaUXLtG6YVlvtS43uebOSTDf8GQNaseB52r3zVagEg==
  dependencies:
    "@types/react" "*"
    "@types/react-addons-linked-state-mixin" "*"

"@types/prop-types@*":
  version "15.7.3"
  resolved "https://registry.yarnpkg.com/@types/prop-types/-/prop-types-15.7.3.tgz#2ab0d5da2e5815f94b0b9d4b95d1e5f243ab2ca7"
  integrity sha512-KfRL3PuHmqQLOG+2tGpRO26Ctg+Cq1E01D2DMriKEATHgWLfeNDmq9e29Q9WIky0dQ3NPkd1mzYH8Lm936Z9qw==

"@types/react-addons-linked-state-mixin@*":
  version "0.14.21"
  resolved "https://registry.yarnpkg.com/@types/react-addons-linked-state-mixin/-/react-addons-linked-state-mixin-0.14.21.tgz#3abf296fe09d036c233ebe55f4562f3e6233af49"
  integrity sha512-3UF7Szd3JyuU+z90kqu8L4VdDWp7SUC0eRjV2QmMEliaHODGLi5XyO5ctS50K/lG6fjC0dSAPVbvnqv0nPoGMQ==
  dependencies:
    "@types/react" "*"

"@types/react-calendar@^3.1.4":
  version "3.1.4"
  resolved "https://registry.yarnpkg.com/@types/react-calendar/-/react-calendar-3.1.4.tgz#7d6cb69eab5abfc93a870a025866bc67bf46c8c7"
  integrity sha512-7yDdyPnNaKqOIp97NmPhDxaXb7pBSag+pYWBtt+vBJyyqqiMMtXzv5bdEWjVN7AWmfWdmzGsP8kg+TzvGvwwQg==

"@types/react@*":
  version "17.0.4"
  resolved "https://registry.yarnpkg.com/@types/react/-/react-17.0.4.tgz#a67c6f7a460d2660e950d9ccc1c2f18525c28220"
  integrity sha512-onz2BqScSFMoTRdJUZUDD/7xrusM8hBA2Fktk2qgaTYPCgPvWnDEgkrOs8hhPUf2jfcIXkJ5yK6VfYormJS3Jw==
  dependencies:
    "@types/prop-types" "*"
    "@types/scheduler" "*"
    csstype "^3.0.2"

"@types/scheduler@*":
  version "0.16.1"
  resolved "https://registry.yarnpkg.com/@types/scheduler/-/scheduler-0.16.1.tgz#18845205e86ff0038517aab7a18a62a6b9f71275"
  integrity sha512-EaCxbanVeyxDRTQBkdLb3Bvl/HK7PBK6UJjsSixB0iHKoWxE5uu2Q/DgtpOhPIojN0Zl1whvOd7PoHs2P0s5eA==

csstype@^3.0.2:
  version "3.0.8"
  resolved "https://registry.yarnpkg.com/csstype/-/csstype-3.0.8.tgz#d2266a792729fb227cd216fb572f43728e1ad340"
  integrity sha512-jXKhWqXPmlUeoQnF/EhTtTl4C9SnrxSH/jZUih3jmO6lBKr99rP3/+FmrMj4EFpOXzMtXHAZkd3x0E6h6Fgflw==
